// !$*UTF8*$!
{
	archiveVersion = 1;
	classes = {
	};
	objectVersion = 46;
	objects = {

/* Begin PBXBuildFile section */
		1A04F9071D9D4D1300EB5E4E /* TestHeaderView.swift in Sources */ = {isa = PBXBuildFile; fileRef = 1A04F9061D9D4D1300EB5E4E /* TestHeaderView.swift */; };
		81FCE6BE7060131C7B83482A /* Pods_profile_testTests.framework in Frameworks */ = {isa = PBXBuildFile; fileRef = B11EA803DF92DFE50396CC52 /* Pods_profile_testTests.framework */; };
		88154093CA9000B3ED4A2FFA /* Pods_profile_test.framework in Frameworks */ = {isa = PBXBuildFile; fileRef = 37CEA5177FCEF8D6131420B0 /* Pods_profile_test.framework */; };
		981A9A874286E9C2EBAF8376 /* Pods_profile_testUITests.framework in Frameworks */ = {isa = PBXBuildFile; fileRef = 0C9D4727C9DD0B4BA58FD5D4 /* Pods_profile_testUITests.framework */; };
		BE778FB11D9BF97C00A5E02C /* AppDelegate.swift in Sources */ = {isa = PBXBuildFile; fileRef = BE778FB01D9BF97C00A5E02C /* AppDelegate.swift */; };
		BE778FB81D9BF97C00A5E02C /* Assets.xcassets in Resources */ = {isa = PBXBuildFile; fileRef = BE778FB71D9BF97C00A5E02C /* Assets.xcassets */; };
		BE778FBB1D9BF97C00A5E02C /* LaunchScreen.storyboard in Resources */ = {isa = PBXBuildFile; fileRef = BE778FB91D9BF97C00A5E02C /* LaunchScreen.storyboard */; };
		BE778FC61D9BF97C00A5E02C /* profile_testTests.swift in Sources */ = {isa = PBXBuildFile; fileRef = BE778FC51D9BF97C00A5E02C /* profile_testTests.swift */; };
		BE778FD11D9BF97C00A5E02C /* profile_testUITests.swift in Sources */ = {isa = PBXBuildFile; fileRef = BE778FD01D9BF97C00A5E02C /* profile_testUITests.swift */; };
		BE778FE01D9BFB3700A5E02C /* ScrollingHeaderTableViewController.swift in Sources */ = {isa = PBXBuildFile; fileRef = BE778FDE1D9BFB3700A5E02C /* ScrollingHeaderTableViewController.swift */; };
		BE778FE31D9C036200A5E02C /* TestViewController.swift in Sources */ = {isa = PBXBuildFile; fileRef = BE778FE21D9C036200A5E02C /* TestViewController.swift */; };
		BE778FE51D9C0C8500A5E02C /* ScrollingHeaderNavigationBar.swift in Sources */ = {isa = PBXBuildFile; fileRef = BE778FE41D9C0C8500A5E02C /* ScrollingHeaderNavigationBar.swift */; };
		BE778FE71D9C164800A5E02C /* ScrollingHeaderNavigationBar.xib in Resources */ = {isa = PBXBuildFile; fileRef = BE778FE61D9C164800A5E02C /* ScrollingHeaderNavigationBar.xib */; };
/* End PBXBuildFile section */

/* Begin PBXContainerItemProxy section */
		BE778FC21D9BF97C00A5E02C /* PBXContainerItemProxy */ = {
			isa = PBXContainerItemProxy;
			containerPortal = BE778FA51D9BF97B00A5E02C /* Project object */;
			proxyType = 1;
			remoteGlobalIDString = BE778FAC1D9BF97C00A5E02C;
			remoteInfo = "profile-test";
		};
		BE778FCD1D9BF97C00A5E02C /* PBXContainerItemProxy */ = {
			isa = PBXContainerItemProxy;
			containerPortal = BE778FA51D9BF97B00A5E02C /* Project object */;
			proxyType = 1;
			remoteGlobalIDString = BE778FAC1D9BF97C00A5E02C;
			remoteInfo = "profile-test";
		};
/* End PBXContainerItemProxy section */

/* Begin PBXFileReference section */
		0C9D4727C9DD0B4BA58FD5D4 /* Pods_profile_testUITests.framework */ = {isa = PBXFileReference; explicitFileType = wrapper.framework; includeInIndex = 0; path = Pods_profile_testUITests.framework; sourceTree = BUILT_PRODUCTS_DIR; };
		1A04F9061D9D4D1300EB5E4E /* TestHeaderView.swift */ = {isa = PBXFileReference; fileEncoding = 4; lastKnownFileType = sourcecode.swift; path = TestHeaderView.swift; sourceTree = "<group>"; };
		37CEA5177FCEF8D6131420B0 /* Pods_profile_test.framework */ = {isa = PBXFileReference; explicitFileType = wrapper.framework; includeInIndex = 0; path = Pods_profile_test.framework; sourceTree = BUILT_PRODUCTS_DIR; };
		3CC913430E746DD7B2BCFE22 /* Pods-profile-testUITests.release.xcconfig */ = {isa = PBXFileReference; includeInIndex = 1; lastKnownFileType = text.xcconfig; name = "Pods-profile-testUITests.release.xcconfig"; path = "Pods/Target Support Files/Pods-profile-testUITests/Pods-profile-testUITests.release.xcconfig"; sourceTree = "<group>"; };
		593C81319F091DD6759B5489 /* Pods-profile-test.debug.xcconfig */ = {isa = PBXFileReference; includeInIndex = 1; lastKnownFileType = text.xcconfig; name = "Pods-profile-test.debug.xcconfig"; path = "Pods/Target Support Files/Pods-profile-test/Pods-profile-test.debug.xcconfig"; sourceTree = "<group>"; };
		7281F6E570BDBCC044B92AE9 /* Pods-profile-testTests.release.xcconfig */ = {isa = PBXFileReference; includeInIndex = 1; lastKnownFileType = text.xcconfig; name = "Pods-profile-testTests.release.xcconfig"; path = "Pods/Target Support Files/Pods-profile-testTests/Pods-profile-testTests.release.xcconfig"; sourceTree = "<group>"; };
		95FDFD87951A30745193250F /* Pods-profile-test.release.xcconfig */ = {isa = PBXFileReference; includeInIndex = 1; lastKnownFileType = text.xcconfig; name = "Pods-profile-test.release.xcconfig"; path = "Pods/Target Support Files/Pods-profile-test/Pods-profile-test.release.xcconfig"; sourceTree = "<group>"; };
		A51DB4AB82B46B899CF81769 /* Pods-profile-testTests.debug.xcconfig */ = {isa = PBXFileReference; includeInIndex = 1; lastKnownFileType = text.xcconfig; name = "Pods-profile-testTests.debug.xcconfig"; path = "Pods/Target Support Files/Pods-profile-testTests/Pods-profile-testTests.debug.xcconfig"; sourceTree = "<group>"; };
		B11EA803DF92DFE50396CC52 /* Pods_profile_testTests.framework */ = {isa = PBXFileReference; explicitFileType = wrapper.framework; includeInIndex = 0; path = Pods_profile_testTests.framework; sourceTree = BUILT_PRODUCTS_DIR; };
		BE778FAD1D9BF97C00A5E02C /* profile-test.app */ = {isa = PBXFileReference; explicitFileType = wrapper.application; includeInIndex = 0; path = "profile-test.app"; sourceTree = BUILT_PRODUCTS_DIR; };
		BE778FB01D9BF97C00A5E02C /* AppDelegate.swift */ = {isa = PBXFileReference; lastKnownFileType = sourcecode.swift; path = AppDelegate.swift; sourceTree = "<group>"; };
		BE778FB71D9BF97C00A5E02C /* Assets.xcassets */ = {isa = PBXFileReference; lastKnownFileType = folder.assetcatalog; path = Assets.xcassets; sourceTree = "<group>"; };
		BE778FBA1D9BF97C00A5E02C /* Base */ = {isa = PBXFileReference; lastKnownFileType = file.storyboard; name = Base; path = Base.lproj/LaunchScreen.storyboard; sourceTree = "<group>"; };
		BE778FBC1D9BF97C00A5E02C /* Info.plist */ = {isa = PBXFileReference; lastKnownFileType = text.plist.xml; path = Info.plist; sourceTree = "<group>"; };
		BE778FC11D9BF97C00A5E02C /* profile-testTests.xctest */ = {isa = PBXFileReference; explicitFileType = wrapper.cfbundle; includeInIndex = 0; path = "profile-testTests.xctest"; sourceTree = BUILT_PRODUCTS_DIR; };
		BE778FC51D9BF97C00A5E02C /* profile_testTests.swift */ = {isa = PBXFileReference; lastKnownFileType = sourcecode.swift; path = profile_testTests.swift; sourceTree = "<group>"; };
		BE778FC71D9BF97C00A5E02C /* Info.plist */ = {isa = PBXFileReference; lastKnownFileType = text.plist.xml; path = Info.plist; sourceTree = "<group>"; };
		BE778FCC1D9BF97C00A5E02C /* profile-testUITests.xctest */ = {isa = PBXFileReference; explicitFileType = wrapper.cfbundle; includeInIndex = 0; path = "profile-testUITests.xctest"; sourceTree = BUILT_PRODUCTS_DIR; };
		BE778FD01D9BF97C00A5E02C /* profile_testUITests.swift */ = {isa = PBXFileReference; lastKnownFileType = sourcecode.swift; path = profile_testUITests.swift; sourceTree = "<group>"; };
		BE778FD21D9BF97C00A5E02C /* Info.plist */ = {isa = PBXFileReference; lastKnownFileType = text.plist.xml; path = Info.plist; sourceTree = "<group>"; };
		BE778FDE1D9BFB3700A5E02C /* ScrollingHeaderTableViewController.swift */ = {isa = PBXFileReference; fileEncoding = 4; lastKnownFileType = sourcecode.swift; path = ScrollingHeaderTableViewController.swift; sourceTree = "<group>"; };
		BE778FE21D9C036200A5E02C /* TestViewController.swift */ = {isa = PBXFileReference; fileEncoding = 4; lastKnownFileType = sourcecode.swift; path = TestViewController.swift; sourceTree = "<group>"; };
		BE778FE41D9C0C8500A5E02C /* ScrollingHeaderNavigationBar.swift */ = {isa = PBXFileReference; fileEncoding = 4; lastKnownFileType = sourcecode.swift; path = ScrollingHeaderNavigationBar.swift; sourceTree = "<group>"; };
		BE778FE61D9C164800A5E02C /* ScrollingHeaderNavigationBar.xib */ = {isa = PBXFileReference; fileEncoding = 4; lastKnownFileType = file.xib; path = ScrollingHeaderNavigationBar.xib; sourceTree = "<group>"; };
		D75E6D7975488BD6F9AA419F /* Pods-profile-testUITests.debug.xcconfig */ = {isa = PBXFileReference; includeInIndex = 1; lastKnownFileType = text.xcconfig; name = "Pods-profile-testUITests.debug.xcconfig"; path = "Pods/Target Support Files/Pods-profile-testUITests/Pods-profile-testUITests.debug.xcconfig"; sourceTree = "<group>"; };
/* End PBXFileReference section */

/* Begin PBXFrameworksBuildPhase section */
		BE778FAA1D9BF97C00A5E02C /* Frameworks */ = {
			isa = PBXFrameworksBuildPhase;
			buildActionMask = 2147483647;
			files = (
				88154093CA9000B3ED4A2FFA /* Pods_profile_test.framework in Frameworks */,
			);
			runOnlyForDeploymentPostprocessing = 0;
		};
		BE778FBE1D9BF97C00A5E02C /* Frameworks */ = {
			isa = PBXFrameworksBuildPhase;
			buildActionMask = 2147483647;
			files = (
				81FCE6BE7060131C7B83482A /* Pods_profile_testTests.framework in Frameworks */,
			);
			runOnlyForDeploymentPostprocessing = 0;
		};
		BE778FC91D9BF97C00A5E02C /* Frameworks */ = {
			isa = PBXFrameworksBuildPhase;
			buildActionMask = 2147483647;
			files = (
				981A9A874286E9C2EBAF8376 /* Pods_profile_testUITests.framework in Frameworks */,
			);
			runOnlyForDeploymentPostprocessing = 0;
		};
/* End PBXFrameworksBuildPhase section */

/* Begin PBXGroup section */
		2D77022BCC07E662F9D84CE0 /* Frameworks */ = {
			isa = PBXGroup;
			children = (
				37CEA5177FCEF8D6131420B0 /* Pods_profile_test.framework */,
				B11EA803DF92DFE50396CC52 /* Pods_profile_testTests.framework */,
				0C9D4727C9DD0B4BA58FD5D4 /* Pods_profile_testUITests.framework */,
			);
			name = Frameworks;
			sourceTree = "<group>";
		};
		822D0FAB7FF4EB479F24D638 /* Pods */ = {
			isa = PBXGroup;
			children = (
				593C81319F091DD6759B5489 /* Pods-profile-test.debug.xcconfig */,
				95FDFD87951A30745193250F /* Pods-profile-test.release.xcconfig */,
				A51DB4AB82B46B899CF81769 /* Pods-profile-testTests.debug.xcconfig */,
				7281F6E570BDBCC044B92AE9 /* Pods-profile-testTests.release.xcconfig */,
				D75E6D7975488BD6F9AA419F /* Pods-profile-testUITests.debug.xcconfig */,
				3CC913430E746DD7B2BCFE22 /* Pods-profile-testUITests.release.xcconfig */,
			);
			name = Pods;
			sourceTree = "<group>";
		};
		BE778FA41D9BF97B00A5E02C = {
			isa = PBXGroup;
			children = (
				BE778FAF1D9BF97C00A5E02C /* profile-test */,
				BE778FC41D9BF97C00A5E02C /* profile-testTests */,
				BE778FCF1D9BF97C00A5E02C /* profile-testUITests */,
				BE778FAE1D9BF97C00A5E02C /* Products */,
				822D0FAB7FF4EB479F24D638 /* Pods */,
				2D77022BCC07E662F9D84CE0 /* Frameworks */,
			);
			sourceTree = "<group>";
		};
		BE778FAE1D9BF97C00A5E02C /* Products */ = {
			isa = PBXGroup;
			children = (
				BE778FAD1D9BF97C00A5E02C /* profile-test.app */,
				BE778FC11D9BF97C00A5E02C /* profile-testTests.xctest */,
				BE778FCC1D9BF97C00A5E02C /* profile-testUITests.xctest */,
			);
			name = Products;
			sourceTree = "<group>";
		};
		BE778FAF1D9BF97C00A5E02C /* profile-test */ = {
			isa = PBXGroup;
			children = (
				BE778FB01D9BF97C00A5E02C /* AppDelegate.swift */,
				BE778FDE1D9BFB3700A5E02C /* ScrollingHeaderTableViewController.swift */,
				BE778FE41D9C0C8500A5E02C /* ScrollingHeaderNavigationBar.swift */,
				BE778FE61D9C164800A5E02C /* ScrollingHeaderNavigationBar.xib */,
				BE778FE21D9C036200A5E02C /* TestViewController.swift */,
				1A04F9061D9D4D1300EB5E4E /* TestHeaderView.swift */,
				BE778FB71D9BF97C00A5E02C /* Assets.xcassets */,
				BE778FB91D9BF97C00A5E02C /* LaunchScreen.storyboard */,
				BE778FBC1D9BF97C00A5E02C /* Info.plist */,
			);
			path = "profile-test";
			sourceTree = "<group>";
		};
		BE778FC41D9BF97C00A5E02C /* profile-testTests */ = {
			isa = PBXGroup;
			children = (
				BE778FC51D9BF97C00A5E02C /* profile_testTests.swift */,
				BE778FC71D9BF97C00A5E02C /* Info.plist */,
			);
			path = "profile-testTests";
			sourceTree = "<group>";
		};
		BE778FCF1D9BF97C00A5E02C /* profile-testUITests */ = {
			isa = PBXGroup;
			children = (
				BE778FD01D9BF97C00A5E02C /* profile_testUITests.swift */,
				BE778FD21D9BF97C00A5E02C /* Info.plist */,
			);
			path = "profile-testUITests";
			sourceTree = "<group>";
		};
/* End PBXGroup section */

/* Begin PBXNativeTarget section */
		BE778FAC1D9BF97C00A5E02C /* profile-test */ = {
			isa = PBXNativeTarget;
			buildConfigurationList = BE778FD51D9BF97C00A5E02C /* Build configuration list for PBXNativeTarget "profile-test" */;
			buildPhases = (
				22A08A3602705F9C6D0A79F5 /* [CP] Check Pods Manifest.lock */,
				BE778FA91D9BF97C00A5E02C /* Sources */,
				BE778FAA1D9BF97C00A5E02C /* Frameworks */,
				BE778FAB1D9BF97C00A5E02C /* Resources */,
				DEC1BFD732CBC16B455D28F9 /* [CP] Embed Pods Frameworks */,
				6894026D7F5A27E20433AEA1 /* [CP] Copy Pods Resources */,
			);
			buildRules = (
			);
			dependencies = (
			);
			name = "profile-test";
			productName = "profile-test";
			productReference = BE778FAD1D9BF97C00A5E02C /* profile-test.app */;
			productType = "com.apple.product-type.application";
		};
		BE778FC01D9BF97C00A5E02C /* profile-testTests */ = {
			isa = PBXNativeTarget;
			buildConfigurationList = BE778FD81D9BF97C00A5E02C /* Build configuration list for PBXNativeTarget "profile-testTests" */;
			buildPhases = (
				C0F508F866211DF4F7939D61 /* [CP] Check Pods Manifest.lock */,
				BE778FBD1D9BF97C00A5E02C /* Sources */,
				BE778FBE1D9BF97C00A5E02C /* Frameworks */,
				BE778FBF1D9BF97C00A5E02C /* Resources */,
				00832CA96903CFA7ECA577B0 /* [CP] Embed Pods Frameworks */,
				776B4F114EFC93034A08D9CD /* [CP] Copy Pods Resources */,
			);
			buildRules = (
			);
			dependencies = (
				BE778FC31D9BF97C00A5E02C /* PBXTargetDependency */,
			);
			name = "profile-testTests";
			productName = "profile-testTests";
			productReference = BE778FC11D9BF97C00A5E02C /* profile-testTests.xctest */;
			productType = "com.apple.product-type.bundle.unit-test";
		};
		BE778FCB1D9BF97C00A5E02C /* profile-testUITests */ = {
			isa = PBXNativeTarget;
			buildConfigurationList = BE778FDB1D9BF97C00A5E02C /* Build configuration list for PBXNativeTarget "profile-testUITests" */;
			buildPhases = (
				AF7DDB71306CF16C456BB179 /* [CP] Check Pods Manifest.lock */,
				BE778FC81D9BF97C00A5E02C /* Sources */,
				BE778FC91D9BF97C00A5E02C /* Frameworks */,
				BE778FCA1D9BF97C00A5E02C /* Resources */,
				5EE6A923F7C269A1479774A5 /* [CP] Copy Pods Resources */,
			);
			buildRules = (
			);
			dependencies = (
				BE778FCE1D9BF97C00A5E02C /* PBXTargetDependency */,
			);
			name = "profile-testUITests";
			productName = "profile-testUITests";
			productReference = BE778FCC1D9BF97C00A5E02C /* profile-testUITests.xctest */;
			productType = "com.apple.product-type.bundle.ui-testing";
		};
/* End PBXNativeTarget section */

/* Begin PBXProject section */
		BE778FA51D9BF97B00A5E02C /* Project object */ = {
			isa = PBXProject;
			attributes = {
				LastSwiftUpdateCheck = 0800;
				LastUpgradeCheck = 0800;
				ORGANIZATIONNAME = "James Milton";
				TargetAttributes = {
					BE778FAC1D9BF97C00A5E02C = {
						CreatedOnToolsVersion = 8.0;
						DevelopmentTeam = 5C77N9YEC5;
						ProvisioningStyle = Automatic;
					};
					BE778FC01D9BF97C00A5E02C = {
						CreatedOnToolsVersion = 8.0;
						ProvisioningStyle = Automatic;
						TestTargetID = BE778FAC1D9BF97C00A5E02C;
					};
					BE778FCB1D9BF97C00A5E02C = {
						CreatedOnToolsVersion = 8.0;
						ProvisioningStyle = Automatic;
						TestTargetID = BE778FAC1D9BF97C00A5E02C;
					};
				};
			};
			buildConfigurationList = BE778FA81D9BF97C00A5E02C /* Build configuration list for PBXProject "profile-test" */;
			compatibilityVersion = "Xcode 3.2";
			developmentRegion = English;
			hasScannedForEncodings = 0;
			knownRegions = (
				en,
				Base,
			);
			mainGroup = BE778FA41D9BF97B00A5E02C;
			productRefGroup = BE778FAE1D9BF97C00A5E02C /* Products */;
			projectDirPath = "";
			projectRoot = "";
			targets = (
				BE778FAC1D9BF97C00A5E02C /* profile-test */,
				BE778FC01D9BF97C00A5E02C /* profile-testTests */,
				BE778FCB1D9BF97C00A5E02C /* profile-testUITests */,
			);
		};
/* End PBXProject section */

/* Begin PBXResourcesBuildPhase section */
		BE778FAB1D9BF97C00A5E02C /* Resources */ = {
			isa = PBXResourcesBuildPhase;
			buildActionMask = 2147483647;
			files = (
				BE778FBB1D9BF97C00A5E02C /* LaunchScreen.storyboard in Resources */,
				BE778FE71D9C164800A5E02C /* ScrollingHeaderNavigationBar.xib in Resources */,
				BE778FB81D9BF97C00A5E02C /* Assets.xcassets in Resources */,
			);
			runOnlyForDeploymentPostprocessing = 0;
		};
		BE778FBF1D9BF97C00A5E02C /* Resources */ = {
			isa = PBXResourcesBuildPhase;
			buildActionMask = 2147483647;
			files = (
			);
			runOnlyForDeploymentPostprocessing = 0;
		};
		BE778FCA1D9BF97C00A5E02C /* Resources */ = {
			isa = PBXResourcesBuildPhase;
			buildActionMask = 2147483647;
			files = (
			);
			runOnlyForDeploymentPostprocessing = 0;
		};
/* End PBXResourcesBuildPhase section */

/* Begin PBXShellScriptBuildPhase section */
		00832CA96903CFA7ECA577B0 /* [CP] Embed Pods Frameworks */ = {
			isa = PBXShellScriptBuildPhase;
			buildActionMask = 2147483647;
			files = (
			);
			inputPaths = (
			);
			name = "[CP] Embed Pods Frameworks";
			outputPaths = (
			);
			runOnlyForDeploymentPostprocessing = 0;
			shellPath = /bin/sh;
			shellScript = "\"${SRCROOT}/Pods/Target Support Files/Pods-profile-testTests/Pods-profile-testTests-frameworks.sh\"\n";
			showEnvVarsInLog = 0;
		};
		22A08A3602705F9C6D0A79F5 /* [CP] Check Pods Manifest.lock */ = {
			isa = PBXShellScriptBuildPhase;
			buildActionMask = 2147483647;
			files = (
			);
			inputPaths = (
			);
			name = "[CP] Check Pods Manifest.lock";
			outputPaths = (
			);
			runOnlyForDeploymentPostprocessing = 0;
			shellPath = /bin/sh;
			shellScript = "diff \"${PODS_ROOT}/../Podfile.lock\" \"${PODS_ROOT}/Manifest.lock\" > /dev/null\nif [[ $? != 0 ]] ; then\n    cat << EOM\nerror: The sandbox is not in sync with the Podfile.lock. Run 'pod install' or update your CocoaPods installation.\nEOM\n    exit 1\nfi\n";
			showEnvVarsInLog = 0;
		};
		5EE6A923F7C269A1479774A5 /* [CP] Copy Pods Resources */ = {
			isa = PBXShellScriptBuildPhase;
			buildActionMask = 2147483647;
			files = (
			);
			inputPaths = (
			);
			name = "[CP] Copy Pods Resources";
			outputPaths = (
			);
			runOnlyForDeploymentPostprocessing = 0;
			shellPath = /bin/sh;
			shellScript = "\"${SRCROOT}/Pods/Target Support Files/Pods-profile-testUITests/Pods-profile-testUITests-resources.sh\"\n";
			showEnvVarsInLog = 0;
		};
		6894026D7F5A27E20433AEA1 /* [CP] Copy Pods Resources */ = {
			isa = PBXShellScriptBuildPhase;
			buildActionMask = 2147483647;
			files = (
			);
			inputPaths = (
			);
			name = "[CP] Copy Pods Resources";
			outputPaths = (
			);
			runOnlyForDeploymentPostprocessing = 0;
			shellPath = /bin/sh;
			shellScript = "\"${SRCROOT}/Pods/Target Support Files/Pods-profile-test/Pods-profile-test-resources.sh\"\n";
			showEnvVarsInLog = 0;
		};
		776B4F114EFC93034A08D9CD /* [CP] Copy Pods Resources */ = {
			isa = PBXShellScriptBuildPhase;
			buildActionMask = 2147483647;
			files = (
			);
			inputPaths = (
			);
			name = "[CP] Copy Pods Resources";
			outputPaths = (
			);
			runOnlyForDeploymentPostprocessing = 0;
			shellPath = /bin/sh;
			shellScript = "\"${SRCROOT}/Pods/Target Support Files/Pods-profile-testTests/Pods-profile-testTests-resources.sh\"\n";
			showEnvVarsInLog = 0;
		};
		AF7DDB71306CF16C456BB179 /* [CP] Check Pods Manifest.lock */ = {
			isa = PBXShellScriptBuildPhase;
			buildActionMask = 2147483647;
			files = (
			);
			inputPaths = (
			);
			name = "[CP] Check Pods Manifest.lock";
			outputPaths = (
			);
			runOnlyForDeploymentPostprocessing = 0;
			shellPath = /bin/sh;
			shellScript = "diff \"${PODS_ROOT}/../Podfile.lock\" \"${PODS_ROOT}/Manifest.lock\" > /dev/null\nif [[ $? != 0 ]] ; then\n    cat << EOM\nerror: The sandbox is not in sync with the Podfile.lock. Run 'pod install' or update your CocoaPods installation.\nEOM\n    exit 1\nfi\n";
			showEnvVarsInLog = 0;
		};
		C0F508F866211DF4F7939D61 /* [CP] Check Pods Manifest.lock */ = {
			isa = PBXShellScriptBuildPhase;
			buildActionMask = 2147483647;
			files = (
			);
			inputPaths = (
			);
			name = "[CP] Check Pods Manifest.lock";
			outputPaths = (
			);
			runOnlyForDeploymentPostprocessing = 0;
			shellPath = /bin/sh;
			shellScript = "diff \"${PODS_ROOT}/../Podfile.lock\" \"${PODS_ROOT}/Manifest.lock\" > /dev/null\nif [[ $? != 0 ]] ; then\n    cat << EOM\nerror: The sandbox is not in sync with the Podfile.lock. Run 'pod install' or update your CocoaPods installation.\nEOM\n    exit 1\nfi\n";
			showEnvVarsInLog = 0;
		};
		DEC1BFD732CBC16B455D28F9 /* [CP] Embed Pods Frameworks */ = {
			isa = PBXShellScriptBuildPhase;
			buildActionMask = 2147483647;
			files = (
			);
			inputPaths = (
			);
			name = "[CP] Embed Pods Frameworks";
			outputPaths = (
			);
			runOnlyForDeploymentPostprocessing = 0;
			shellPath = /bin/sh;
			shellScript = "\"${SRCROOT}/Pods/Target Support Files/Pods-profile-test/Pods-profile-test-frameworks.sh\"\n";
			showEnvVarsInLog = 0;
		};
/* End PBXShellScriptBuildPhase section */

/* Begin PBXSourcesBuildPhase section */
		BE778FA91D9BF97C00A5E02C /* Sources */ = {
			isa = PBXSourcesBuildPhase;
			buildActionMask = 2147483647;
			files = (
				BE778FE51D9C0C8500A5E02C /* ScrollingHeaderNavigationBar.swift in Sources */,
				1A04F9071D9D4D1300EB5E4E /* TestHeaderView.swift in Sources */,
				BE778FE01D9BFB3700A5E02C /* ScrollingHeaderTableViewController.swift in Sources */,
				BE778FE31D9C036200A5E02C /* TestViewController.swift in Sources */,
				BE778FB11D9BF97C00A5E02C /* AppDelegate.swift in Sources */,
			);
			runOnlyForDeploymentPostprocessing = 0;
		};
		BE778FBD1D9BF97C00A5E02C /* Sources */ = {
			isa = PBXSourcesBuildPhase;
			buildActionMask = 2147483647;
			files = (
				BE778FC61D9BF97C00A5E02C /* profile_testTests.swift in Sources */,
			);
			runOnlyForDeploymentPostprocessing = 0;
		};
		BE778FC81D9BF97C00A5E02C /* Sources */ = {
			isa = PBXSourcesBuildPhase;
			buildActionMask = 2147483647;
			files = (
				BE778FD11D9BF97C00A5E02C /* profile_testUITests.swift in Sources */,
			);
			runOnlyForDeploymentPostprocessing = 0;
		};
/* End PBXSourcesBuildPhase section */

/* Begin PBXTargetDependency section */
		BE778FC31D9BF97C00A5E02C /* PBXTargetDependency */ = {
			isa = PBXTargetDependency;
			target = BE778FAC1D9BF97C00A5E02C /* profile-test */;
			targetProxy = BE778FC21D9BF97C00A5E02C /* PBXContainerItemProxy */;
		};
		BE778FCE1D9BF97C00A5E02C /* PBXTargetDependency */ = {
			isa = PBXTargetDependency;
			target = BE778FAC1D9BF97C00A5E02C /* profile-test */;
			targetProxy = BE778FCD1D9BF97C00A5E02C /* PBXContainerItemProxy */;
		};
/* End PBXTargetDependency section */

/* Begin PBXVariantGroup section */
		BE778FB91D9BF97C00A5E02C /* LaunchScreen.storyboard */ = {
			isa = PBXVariantGroup;
			children = (
				BE778FBA1D9BF97C00A5E02C /* Base */,
			);
			name = LaunchScreen.storyboard;
			sourceTree = "<group>";
		};
/* End PBXVariantGroup section */

/* Begin XCBuildConfiguration section */
		BE778FD31D9BF97C00A5E02C /* Debug */ = {
			isa = XCBuildConfiguration;
			buildSettings = {
				ALWAYS_SEARCH_USER_PATHS = NO;
				CLANG_ANALYZER_NONNULL = YES;
				CLANG_CXX_LANGUAGE_STANDARD = "gnu++0x";
				CLANG_CXX_LIBRARY = "libc++";
				CLANG_ENABLE_MODULES = YES;
				CLANG_ENABLE_OBJC_ARC = YES;
				CLANG_WARN_BOOL_CONVERSION = YES;
				CLANG_WARN_CONSTANT_CONVERSION = YES;
				CLANG_WARN_DIRECT_OBJC_ISA_USAGE = YES_ERROR;
				CLANG_WARN_DOCUMENTATION_COMMENTS = YES;
				CLANG_WARN_EMPTY_BODY = YES;
				CLANG_WARN_ENUM_CONVERSION = YES;
				CLANG_WARN_INFINITE_RECURSION = YES;
				CLANG_WARN_INT_CONVERSION = YES;
				CLANG_WARN_OBJC_ROOT_CLASS = YES_ERROR;
				CLANG_WARN_SUSPICIOUS_MOVES = YES;
				CLANG_WARN_UNREACHABLE_CODE = YES;
				CLANG_WARN__DUPLICATE_METHOD_MATCH = YES;
				"CODE_SIGN_IDENTITY[sdk=iphoneos*]" = "iPhone Developer";
				COPY_PHASE_STRIP = NO;
				DEBUG_INFORMATION_FORMAT = dwarf;
				ENABLE_STRICT_OBJC_MSGSEND = YES;
				ENABLE_TESTABILITY = YES;
				GCC_C_LANGUAGE_STANDARD = gnu99;
				GCC_DYNAMIC_NO_PIC = NO;
				GCC_NO_COMMON_BLOCKS = YES;
				GCC_OPTIMIZATION_LEVEL = 0;
				GCC_PREPROCESSOR_DEFINITIONS = (
					"DEBUG=1",
					"$(inherited)",
				);
				GCC_WARN_64_TO_32_BIT_CONVERSION = YES;
				GCC_WARN_ABOUT_RETURN_TYPE = YES_ERROR;
				GCC_WARN_UNDECLARED_SELECTOR = YES;
				GCC_WARN_UNINITIALIZED_AUTOS = YES_AGGRESSIVE;
				GCC_WARN_UNUSED_FUNCTION = YES;
				GCC_WARN_UNUSED_VARIABLE = YES;
				IPHONEOS_DEPLOYMENT_TARGET = 10.0;
				MTL_ENABLE_DEBUG_INFO = YES;
				ONLY_ACTIVE_ARCH = YES;
				SDKROOT = iphoneos;
				SWIFT_ACTIVE_COMPILATION_CONDITIONS = DEBUG;
				SWIFT_OPTIMIZATION_LEVEL = "-Onone";
				TARGETED_DEVICE_FAMILY = "1,2";
			};
			name = Debug;
		};
		BE778FD41D9BF97C00A5E02C /* Release */ = {
			isa = XCBuildConfiguration;
			buildSettings = {
				ALWAYS_SEARCH_USER_PATHS = NO;
				CLANG_ANALYZER_NONNULL = YES;
				CLANG_CXX_LANGUAGE_STANDARD = "gnu++0x";
				CLANG_CXX_LIBRARY = "libc++";
				CLANG_ENABLE_MODULES = YES;
				CLANG_ENABLE_OBJC_ARC = YES;
				CLANG_WARN_BOOL_CONVERSION = YES;
				CLANG_WARN_CONSTANT_CONVERSION = YES;
				CLANG_WARN_DIRECT_OBJC_ISA_USAGE = YES_ERROR;
				CLANG_WARN_DOCUMENTATION_COMMENTS = YES;
				CLANG_WARN_EMPTY_BODY = YES;
				CLANG_WARN_ENUM_CONVERSION = YES;
				CLANG_WARN_INFINITE_RECURSION = YES;
				CLANG_WARN_INT_CONVERSION = YES;
				CLANG_WARN_OBJC_ROOT_CLASS = YES_ERROR;
				CLANG_WARN_SUSPICIOUS_MOVES = YES;
				CLANG_WARN_UNREACHABLE_CODE = YES;
				CLANG_WARN__DUPLICATE_METHOD_MATCH = YES;
				"CODE_SIGN_IDENTITY[sdk=iphoneos*]" = "iPhone Developer";
				COPY_PHASE_STRIP = NO;
				DEBUG_INFORMATION_FORMAT = "dwarf-with-dsym";
				ENABLE_NS_ASSERTIONS = NO;
				ENABLE_STRICT_OBJC_MSGSEND = YES;
				GCC_C_LANGUAGE_STANDARD = gnu99;
				GCC_NO_COMMON_BLOCKS = YES;
				GCC_WARN_64_TO_32_BIT_CONVERSION = YES;
				GCC_WARN_ABOUT_RETURN_TYPE = YES_ERROR;
				GCC_WARN_UNDECLARED_SELECTOR = YES;
				GCC_WARN_UNINITIALIZED_AUTOS = YES_AGGRESSIVE;
				GCC_WARN_UNUSED_FUNCTION = YES;
				GCC_WARN_UNUSED_VARIABLE = YES;
				IPHONEOS_DEPLOYMENT_TARGET = 10.0;
				MTL_ENABLE_DEBUG_INFO = NO;
				SDKROOT = iphoneos;
				SWIFT_OPTIMIZATION_LEVEL = "-Owholemodule";
				TARGETED_DEVICE_FAMILY = "1,2";
				VALIDATE_PRODUCT = YES;
			};
			name = Release;
		};
		BE778FD61D9BF97C00A5E02C /* Debug */ = {
			isa = XCBuildConfiguration;
			baseConfigurationReference = 593C81319F091DD6759B5489 /* Pods-profile-test.debug.xcconfig */;
			buildSettings = {
				ASSETCATALOG_COMPILER_APPICON_NAME = AppIcon;
				DEVELOPMENT_TEAM = 5C77N9YEC5;
				INFOPLIST_FILE = "profile-test/Info.plist";
				IPHONEOS_DEPLOYMENT_TARGET = 8.0;
				LD_RUNPATH_SEARCH_PATHS = "$(inherited) @executable_path/Frameworks";
				PRODUCT_BUNDLE_IDENTIFIER = "jsm.profile-test";
				PRODUCT_NAME = "$(TARGET_NAME)";
				SWIFT_VERSION = 3.0;
			};
			name = Debug;
		};
		BE778FD71D9BF97C00A5E02C /* Release */ = {
			isa = XCBuildConfiguration;
			baseConfigurationReference = 95FDFD87951A30745193250F /* Pods-profile-test.release.xcconfig */;
			buildSettings = {
				ASSETCATALOG_COMPILER_APPICON_NAME = AppIcon;
				DEVELOPMENT_TEAM = 5C77N9YEC5;
				INFOPLIST_FILE = "profile-test/Info.plist";
				IPHONEOS_DEPLOYMENT_TARGET = 8.0;
				LD_RUNPATH_SEARCH_PATHS = "$(inherited) @executable_path/Frameworks";
				PRODUCT_BUNDLE_IDENTIFIER = "jsm.profile-test";
				PRODUCT_NAME = "$(TARGET_NAME)";
				SWIFT_VERSION = 3.0;
			};
			name = Release;
		};
		BE778FD91D9BF97C00A5E02C /* Debug */ = {
			isa = XCBuildConfiguration;
			baseConfigurationReference = A51DB4AB82B46B899CF81769 /* Pods-profile-testTests.debug.xcconfig */;
			buildSettings = {
				ALWAYS_EMBED_SWIFT_STANDARD_LIBRARIES = YES;
				BUNDLE_LOADER = "$(TEST_HOST)";
				INFOPLIST_FILE = "profile-testTests/Info.plist";
				LD_RUNPATH_SEARCH_PATHS = "$(inherited) @executable_path/Frameworks @loader_path/Frameworks";
				PRODUCT_BUNDLE_IDENTIFIER = "jsm.profile-testTests";
				PRODUCT_NAME = "$(TARGET_NAME)";
				SWIFT_VERSION = 3.0;
				TEST_HOST = "$(BUILT_PRODUCTS_DIR)/profile-test.app/profile-test";
			};
			name = Debug;
		};
		BE778FDA1D9BF97C00A5E02C /* Release */ = {
			isa = XCBuildConfiguration;
			baseConfigurationReference = 7281F6E570BDBCC044B92AE9 /* Pods-profile-testTests.release.xcconfig */;
			buildSettings = {
				ALWAYS_EMBED_SWIFT_STANDARD_LIBRARIES = YES;
				BUNDLE_LOADER = "$(TEST_HOST)";
				INFOPLIST_FILE = "profile-testTests/Info.plist";
				LD_RUNPATH_SEARCH_PATHS = "$(inherited) @executable_path/Frameworks @loader_path/Frameworks";
				PRODUCT_BUNDLE_IDENTIFIER = "jsm.profile-testTests";
				PRODUCT_NAME = "$(TARGET_NAME)";
				SWIFT_VERSION = 3.0;
				TEST_HOST = "$(BUILT_PRODUCTS_DIR)/profile-test.app/profile-test";
			};
			name = Release;
		};
		BE778FDC1D9BF97C00A5E02C /* Debug */ = {
			isa = XCBuildConfiguration;
			baseConfigurationReference = D75E6D7975488BD6F9AA419F /* Pods-profile-testUITests.debug.xcconfig */;
			buildSettings = {
				ALWAYS_EMBED_SWIFT_STANDARD_LIBRARIES = YES;
				INFOPLIST_FILE = "profile-testUITests/Info.plist";
				LD_RUNPATH_SEARCH_PATHS = "$(inherited) @executable_path/Frameworks @loader_path/Frameworks";
				PRODUCT_BUNDLE_IDENTIFIER = "jsm.profile-testUITests";
				PRODUCT_NAME = "$(TARGET_NAME)";
				SWIFT_VERSION = 3.0;
				TEST_TARGET_NAME = "profile-test";
			};
			name = Debug;
		};
		BE778FDD1D9BF97C00A5E02C /* Release */ = {
			isa = XCBuildConfiguration;
			baseConfigurationReference = 3CC913430E746DD7B2BCFE22 /* Pods-profile-testUITests.release.xcconfig */;
			buildSettings = {
				ALWAYS_EMBED_SWIFT_STANDARD_LIBRARIES = YES;
				INFOPLIST_FILE = "profile-testUITests/Info.plist";
				LD_RUNPATH_SEARCH_PATHS = "$(inherited) @executable_path/Frameworks @loader_path/Frameworks";
				PRODUCT_BUNDLE_IDENTIFIER = "jsm.profile-testUITests";
				PRODUCT_NAME = "$(TARGET_NAME)";
				SWIFT_VERSION = 3.0;
				TEST_TARGET_NAME = "profile-test";
			};
			name = Release;
		};
/* End XCBuildConfiguration section */

/* Begin XCConfigurationList section */
		BE778FA81D9BF97C00A5E02C /* Build configuration list for PBXProject "profile-test" */ = {
			isa = XCConfigurationList;
			buildConfigurations = (
				BE778FD31D9BF97C00A5E02C /* Debug */,
				BE778FD41D9BF97C00A5E02C /* Release */,
			);
			defaultConfigurationIsVisible = 0;
			defaultConfigurationName = Release;
		};
		BE778FD51D9BF97C00A5E02C /* Build configuration list for PBXNativeTarget "profile-test" */ = {
			isa = XCConfigurationList;
			buildConfigurations = (
				BE778FD61D9BF97C00A5E02C /* Debug */,
				BE778FD71D9BF97C00A5E02C /* Release */,
			);
			defaultConfigurationIsVisible = 0;
			defaultConfigurationName = Release;
		};
		BE778FD81D9BF97C00A5E02C /* Build configuration list for PBXNativeTarget "profile-testTests" */ = {
			isa = XCConfigurationList;
			buildConfigurations = (
				BE778FD91D9BF97C00A5E02C /* Debug */,
				BE778FDA1D9BF97C00A5E02C /* Release */,
			);
			defaultConfigurationIsVisible = 0;
			defaultConfigurationName = Release;
		};
		BE778FDB1D9BF97C00A5E02C /* Build configuration list for PBXNativeTarget "profile-testUITests" */ = {
			isa = XCConfigurationList;
			buildConfigurations = (
				BE778FDC1D9BF97C00A5E02C /* Debug */,
				BE778FDD1D9BF97C00A5E02C /* Release */,
			);
			defaultConfigurationIsVisible = 0;
			defaultConfigurationName = Release;
		};
/* End XCConfigurationList section */
	};
	rootObject = BE778FA51D9BF97B00A5E02C /* Project object */;
}
